
Microsoft Visual Studio Solution File, Format Version 12.00
# Visual Studio 14
VisualStudioVersion = 14.0.25420.1
MinimumVisualStudioVersion = 10.0.40219.1
Project("{FAE04EC0-301F-11D3-BF4B-00C04F79EFBC}") = "Tic Tac Toe WPF Remake", "Tic Tac Toe WPF Remake.csproj", "{EF9B689B-6E4F-4264-809C-D2874AAB605C}"
EndProject
Global
	GlobalSection(SolutionConfigurationPlatforms) = preSolution
		Debug|Any CPU = Debug|Any CPU
		Release|Any CPU = Release|Any CPU
	EndGlobalSection
	GlobalSection(ProjectConfigurationPlatforms) = postSolution
		{EF9B689B-6E4F-4264-809C-D2874AAB605C}.Debug|Any CPU.ActiveCfg = Debug|Any CPU
		{EF9B689B-6E4F-4264-809C-D2874AAB605C}.Debug|Any CPU.Build.0 = Debug|Any CPU
		{EF9B689B-6E4F-4264-809C-D2874AAB605C}.Release|Any CPU.ActiveCfg = Release|Any CPU
		{EF9B689B-6E4F-4264-809C-D2874AAB605C}.Release|Any CPU.Build.0 = Release|Any CPU
	EndGlobalSection
	GlobalSection(SolutionProperties) = preSolution
		HideSolutionNode = FALSE
	EndGlobalSection
EndGlobal
